
Microsoft Visual Studio Solution File, Format Version 12.00
# Visual Studio Version 17
VisualStudioVersion = 17.7.34031.279
MinimumVisualStudioVersion = 10.0.40219.1
Project("{FAE04EC0-301F-11D3-BF4B-00C04F79EFBC}") = "12.If_statements", "12.If_statements.csproj", "{6DA18209-299D-4F1F-A5D7-FC4D63C73E4B}"
EndProject
Global
	GlobalSection(SolutionConfigurationPlatforms) = preSolution
		Debug|Any CPU = Debug|Any CPU
		Release|Any CPU = Release|Any CPU
	EndGlobalSection
	GlobalSection(ProjectConfigurationPlatforms) = postSolution
		{6DA18209-299D-4F1F-A5D7-FC4D63C73E4B}.Debug|Any CPU.ActiveCfg = Debug|Any CPU
		{6DA18209-299D-4F1F-A5D7-FC4D63C73E4B}.Debug|Any CPU.Build.0 = Debug|Any CPU
		{6DA18209-299D-4F1F-A5D7-FC4D63C73E4B}.Release|Any CPU.ActiveCfg = Release|Any CPU
		{6DA18209-299D-4F1F-A5D7-FC4D63C73E4B}.Release|Any CPU.Build.0 = Release|Any CPU
	EndGlobalSection
	GlobalSection(SolutionProperties) = preSolution
		HideSolutionNode = FALSE
	EndGlobalSection
	GlobalSection(ExtensibilityGlobals) = postSolution
		SolutionGuid = {29E07AE7-2F76-4010-AF93-70928D1626FB}
	EndGlobalSection
EndGlobal
